
Microsoft Visual Studio Solution File, Format Version 12.00
# Visual Studio Version 17
VisualStudioVersion = 17.0.32014.148
MinimumVisualStudioVersion = 10.0.40219.1
Project("{9A19103F-16F7-4668-BE54-9A1E7A4F7556}") = "FlyFlint.Build", "src\FlyFlint.Build\FlyFlint.Build.csproj", "{AFB7B061-0083-485F-8F8A-3DAE98C2011F}"
	ProjectSection(ProjectDependencies) = postProject
		{8C738F56-4759-4323-AEC3-748F354A15FA} = {8C738F56-4759-4323-AEC3-748F354A15FA}
	EndProjectSection
EndProject
Project("{9A19103F-16F7-4668-BE54-9A1E7A4F7556}") = "FlyFlint.Core", "src\FlyFlint.Core\FlyFlint.Core.csproj", "{64243225-5D28-4719-B6D0-425C20A257B8}"
EndProject
Project("{9A19103F-16F7-4668-BE54-9A1E7A4F7556}") = "FlyFlint.Core.Tests", "tests\FlyFlint.Core.Tests\FlyFlint.Core.Tests.csproj", "{A07C1830-EB33-44C8-9A69-84DB855DE2A5}"
EndProject
Project("{2150E333-8FDC-42A3-9474-1A3956D46DE8}") = "Solution Items", "Solution Items", "{3D8F3DB1-DED9-482A-91AA-71D68D2B7F17}"
	ProjectSection(SolutionItems) = preProject
		.gitignore = .gitignore
		build-nupkg.bat = build-nupkg.bat
		build-nupkg.sh = build-nupkg.sh
		.github\workflows\build.yaml = .github\workflows\build.yaml
		Directory.Build.props = Directory.Build.props
		src\Directory.Build.props = src\Directory.Build.props
		LICENSE = LICENSE
		README.md = README.md
		README_ja.md = README_ja.md
	EndProjectSection
EndProject
Project("{9A19103F-16F7-4668-BE54-9A1E7A4F7556}") = "FlyFlint.Dynamic", "src\FlyFlint.Dynamic\FlyFlint.Dynamic.csproj", "{34007FD3-9DEC-4E96-A947-C3BF8E738AEE}"
EndProject
Project("{9A19103F-16F7-4668-BE54-9A1E7A4F7556}") = "FlyFlint.Dynamic.Tests", "tests\FlyFlint.Dynamic.Tests\FlyFlint.Dynamic.Tests.csproj", "{35C873E3-ED09-4480-9824-F27E790A9C0C}"
EndProject
Project("{9A19103F-16F7-4668-BE54-9A1E7A4F7556}") = "TestTargetProject", "tests\TestTargetProject\TestTargetProject.csproj", "{8C738F56-4759-4323-AEC3-748F354A15FA}"
EndProject
Project("{9A19103F-16F7-4668-BE54-9A1E7A4F7556}") = "TestTargetProject2", "tests\TestTargetProject2\TestTargetProject2.csproj", "{574DFA57-630E-4B56-BA9B-1E1ED5584DF8}"
	ProjectSection(ProjectDependencies) = postProject
		{8C738F56-4759-4323-AEC3-748F354A15FA} = {8C738F56-4759-4323-AEC3-748F354A15FA}
		{AFB7B061-0083-485F-8F8A-3DAE98C2011F} = {AFB7B061-0083-485F-8F8A-3DAE98C2011F}
	EndProjectSection
EndProject
Project("{9A19103F-16F7-4668-BE54-9A1E7A4F7556}") = "FlyFlint", "src\FlyFlint\FlyFlint.csproj", "{D63FC8B8-BCB6-4A57-9C09-2A9C641EFFE2}"
EndProject
Project("{9A19103F-16F7-4668-BE54-9A1E7A4F7556}") = "FlyFlint.Build.Tests", "tests\FlyFlint.Build.Tests\FlyFlint.Build.Tests.csproj", "{E1F42D91-A432-40E2-B087-3059B414B4A5}"
	ProjectSection(ProjectDependencies) = postProject
		{AFB7B061-0083-485F-8F8A-3DAE98C2011F} = {AFB7B061-0083-485F-8F8A-3DAE98C2011F}
	EndProjectSection
EndProject
Global
	GlobalSection(SolutionConfigurationPlatforms) = preSolution
		Debug|Any CPU = Debug|Any CPU
		Release|Any CPU = Release|Any CPU
	EndGlobalSection
	GlobalSection(ProjectConfigurationPlatforms) = postSolution
		{AFB7B061-0083-485F-8F8A-3DAE98C2011F}.Debug|Any CPU.ActiveCfg = Debug|Any CPU
		{AFB7B061-0083-485F-8F8A-3DAE98C2011F}.Debug|Any CPU.Build.0 = Debug|Any CPU
		{AFB7B061-0083-485F-8F8A-3DAE98C2011F}.Release|Any CPU.ActiveCfg = Release|Any CPU
		{AFB7B061-0083-485F-8F8A-3DAE98C2011F}.Release|Any CPU.Build.0 = Release|Any CPU
		{64243225-5D28-4719-B6D0-425C20A257B8}.Debug|Any CPU.ActiveCfg = Debug|Any CPU
		{64243225-5D28-4719-B6D0-425C20A257B8}.Debug|Any CPU.Build.0 = Debug|Any CPU
		{64243225-5D28-4719-B6D0-425C20A257B8}.Release|Any CPU.ActiveCfg = Release|Any CPU
		{64243225-5D28-4719-B6D0-425C20A257B8}.Release|Any CPU.Build.0 = Release|Any CPU
		{A07C1830-EB33-44C8-9A69-84DB855DE2A5}.Debug|Any CPU.ActiveCfg = Debug|Any CPU
		{A07C1830-EB33-44C8-9A69-84DB855DE2A5}.Debug|Any CPU.Build.0 = Debug|Any CPU
		{A07C1830-EB33-44C8-9A69-84DB855DE2A5}.Release|Any CPU.ActiveCfg = Release|Any CPU
		{A07C1830-EB33-44C8-9A69-84DB855DE2A5}.Release|Any CPU.Build.0 = Release|Any CPU
		{34007FD3-9DEC-4E96-A947-C3BF8E738AEE}.Debug|Any CPU.ActiveCfg = Debug|Any CPU
		{34007FD3-9DEC-4E96-A947-C3BF8E738AEE}.Debug|Any CPU.Build.0 = Debug|Any CPU
		{34007FD3-9DEC-4E96-A947-C3BF8E738AEE}.Release|Any CPU.ActiveCfg = Release|Any CPU
		{34007FD3-9DEC-4E96-A947-C3BF8E738AEE}.Release|Any CPU.Build.0 = Release|Any CPU
		{35C873E3-ED09-4480-9824-F27E790A9C0C}.Debug|Any CPU.ActiveCfg = Debug|Any CPU
		{35C873E3-ED09-4480-9824-F27E790A9C0C}.Debug|Any CPU.Build.0 = Debug|Any CPU
		{35C873E3-ED09-4480-9824-F27E790A9C0C}.Release|Any CPU.ActiveCfg = Release|Any CPU
		{35C873E3-ED09-4480-9824-F27E790A9C0C}.Release|Any CPU.Build.0 = Release|Any CPU
		{8C738F56-4759-4323-AEC3-748F354A15FA}.Debug|Any CPU.ActiveCfg = Debug|Any CPU
		{8C738F56-4759-4323-AEC3-748F354A15FA}.Debug|Any CPU.Build.0 = Debug|Any CPU
		{8C738F56-4759-4323-AEC3-748F354A15FA}.Release|Any CPU.ActiveCfg = Release|Any CPU
		{8C738F56-4759-4323-AEC3-748F354A15FA}.Release|Any CPU.Build.0 = Release|Any CPU
		{574DFA57-630E-4B56-BA9B-1E1ED5584DF8}.Debug|Any CPU.ActiveCfg = Debug|Any CPU
		{574DFA57-630E-4B56-BA9B-1E1ED5584DF8}.Debug|Any CPU.Build.0 = Debug|Any CPU
		{574DFA57-630E-4B56-BA9B-1E1ED5584DF8}.Release|Any CPU.ActiveCfg = Release|Any CPU
		{574DFA57-630E-4B56-BA9B-1E1ED5584DF8}.Release|Any CPU.Build.0 = Release|Any CPU
		{D63FC8B8-BCB6-4A57-9C09-2A9C641EFFE2}.Debug|Any CPU.ActiveCfg = Debug|Any CPU
		{D63FC8B8-BCB6-4A57-9C09-2A9C641EFFE2}.Debug|Any CPU.Build.0 = Debug|Any CPU
		{D63FC8B8-BCB6-4A57-9C09-2A9C641EFFE2}.Release|Any CPU.ActiveCfg = Release|Any CPU
		{D63FC8B8-BCB6-4A57-9C09-2A9C641EFFE2}.Release|Any CPU.Build.0 = Release|Any CPU
		{E1F42D91-A432-40E2-B087-3059B414B4A5}.Debug|Any CPU.ActiveCfg = Debug|Any CPU
		{E1F42D91-A432-40E2-B087-3059B414B4A5}.Debug|Any CPU.Build.0 = Debug|Any CPU
		{E1F42D91-A432-40E2-B087-3059B414B4A5}.Release|Any CPU.ActiveCfg = Release|Any CPU
		{E1F42D91-A432-40E2-B087-3059B414B4A5}.Release|Any CPU.Build.0 = Release|Any CPU
	EndGlobalSection
	GlobalSection(SolutionProperties) = preSolution
		HideSolutionNode = FALSE
	EndGlobalSection
	GlobalSection(ExtensibilityGlobals) = postSolution
		SolutionGuid = {E97A2D11-6E60-485F-B9D0-D0CA8A5C1083}
	EndGlobalSection
EndGlobal
